
Microsoft Visual Studio Solution File, Format Version 12.00
# Visual Studio 15
VisualStudioVersion = 15.0.26228.9
MinimumVisualStudioVersion = 10.0.40219.1
Project("{FAE04EC0-301F-11D3-BF4B-00C04F79EFBC}") = "Flai.BlueFlai.Blue.WebApi", "src\Flai.BlueFlai.Blue.WebApi\Flai.BlueFlai.Blue.WebApi.csproj", "{D58A073F-1531-44DA-8A8A-EACBDACF5D98}"
EndProject
Project("{2150E333-8FDC-42A3-9474-1A3956D46DE8}") = "src", "src", "{EEA9D8DC-F228-4550-9ED3-311473240F55}"
EndProject
Project("{2150E333-8FDC-42A3-9474-1A3956D46DE8}") = "Solution Items", "Solution Items", "{9F22A97F-F7B0-4F9D-9674-AF7300F5525A}"
	ProjectSection(SolutionItems) = preProject
		.gitattributes = .gitattributes
		.gitignore = .gitignore
		LICENSE = LICENSE
		manifest.yml = manifest.yml
		README.md = README.md
	EndProjectSection
EndProject
Global
	GlobalSection(SolutionConfigurationPlatforms) = preSolution
		Debug|Any CPU = Debug|Any CPU
		Release|Any CPU = Release|Any CPU
	EndGlobalSection
	GlobalSection(ProjectConfigurationPlatforms) = postSolution
		{D58A073F-1531-44DA-8A8A-EACBDACF5D98}.Debug|Any CPU.ActiveCfg = Debug|Any CPU
		{D58A073F-1531-44DA-8A8A-EACBDACF5D98}.Debug|Any CPU.Build.0 = Debug|Any CPU
		{D58A073F-1531-44DA-8A8A-EACBDACF5D98}.Release|Any CPU.ActiveCfg = Release|Any CPU
		{D58A073F-1531-44DA-8A8A-EACBDACF5D98}.Release|Any CPU.Build.0 = Release|Any CPU
	EndGlobalSection
	GlobalSection(SolutionProperties) = preSolution
		HideSolutionNode = FALSE
	EndGlobalSection
	GlobalSection(NestedProjects) = preSolution
		{D58A073F-1531-44DA-8A8A-EACBDACF5D98} = {EEA9D8DC-F228-4550-9ED3-311473240F55}
	EndGlobalSection
EndGlobal
